
Microsoft Visual Studio Solution File, Format Version 12.00
Project("{FAE04EC0-301F-11D3-BF4B-00C04F79EFBC}") = "SD-HW2", "SD-HW2\SD-HW2.csproj", "{2F474BF3-438D-4899-9ED0-7A4FD9DA4890}"
EndProject
Global
	GlobalSection(SolutionConfigurationPlatforms) = preSolution
		Debug|Any CPU = Debug|Any CPU
		Release|Any CPU = Release|Any CPU
	EndGlobalSection
	GlobalSection(ProjectConfigurationPlatforms) = postSolution
		{2F474BF3-438D-4899-9ED0-7A4FD9DA4890}.Debug|Any CPU.ActiveCfg = Debug|Any CPU
		{2F474BF3-438D-4899-9ED0-7A4FD9DA4890}.Debug|Any CPU.Build.0 = Debug|Any CPU
		{2F474BF3-438D-4899-9ED0-7A4FD9DA4890}.Release|Any CPU.ActiveCfg = Release|Any CPU
		{2F474BF3-438D-4899-9ED0-7A4FD9DA4890}.Release|Any CPU.Build.0 = Release|Any CPU
	EndGlobalSection
EndGlobal
